{
    "name": "@abstractplay/renderer",
    "version": "0.0.1",
    "lockfileVersion": 1,
    "requires": true,
    "dependencies": {
        "svg.js": {
            "version": "2.6.5",
            "resolved": "https://registry.npmjs.org/svg.js/-/svg.js-2.6.5.tgz",
            "integrity": "sha512-vBEAhnUl6fx9i2IP7QSNpOdpN4Z5d0dl+7sur7ENuKsDJbNMZPwxZFeslHAn79TmMWHJmtzhFhZUT0sNnSc0IA=="
        }
    }
}
